# THIS IS AN AUTOGENERATED FILE. DO NOT EDIT THIS FILE DIRECTLY.
# yarn lockfile v1


"@napi-rs/triples@^1.0.2":
  version "1.0.2"
  resolved "https://registry.npmjs.org/@napi-rs/triples/-/triples-1.0.2.tgz"
  integrity sha512-EL3SiX43m9poFSnhDx4d4fn9SSaqyO2rHsCNhETi9bWPmjXK3uPJ0QpPFtx39FEdHcz1vJmsiW41kqc0AgvtzQ==

"@node-rs/helper@^1.0.0":
  version "1.1.0"
  resolved "https://registry.npmjs.org/@node-rs/helper/-/helper-1.1.0.tgz"
  integrity sha512-r43YnnrY5JNzDuXJdW3sBJrKzvejvFmFWbiItUEoBJsaPzOIWFMhXB7i5j4c9EMXcFfxveF4l7hT+rLmwtjrVQ==
  dependencies:
    "@napi-rs/triples" "^1.0.2"
    tslib "^2.1.0"

"@swc-node/core@^1.7.1":
  version "1.7.1"
  resolved "https://registry.yarnpkg.com/@swc-node/core/-/core-1.7.1.tgz#05e45051ccd975b25ddd0cf62db477e6a2e4ee4b"
  integrity sha512-m/21f7irvu+/P3Lqz2qEJVUf10vqqMp/4sUtxxn7tVjqKwTWPJF7DbZGsaEcWXLC9UxFdw7hLrNY61OL7hJNSA==
  dependencies:
    "@swc/core" "^1.2.104"

"@swc-node/register@^1.3.7":
  version "1.3.7"
  resolved "https://registry.yarnpkg.com/@swc-node/register/-/register-1.3.7.tgz#381a811f2297d6b03b9c50a5f35a965a62d91a86"
  integrity sha512-rgnTtKkXkwH0xPTi/FG1mgZzNM7Isw1/jPHRLm3Mc3yfAcDOJ/L7pzOt12TQMg71oqj5tCvDvXynWhjrBQTtdg==
  dependencies:
    "@swc-node/core" "^1.7.1"
    "@swc-node/sourcemap-support" "^0.1.10"
    chalk "^4.1.2"
    debug "^4.3.2"
    pirates "^4.0.1"
    tslib "^2.3.1"
    typescript "^4.4.4"

"@swc-node/sourcemap-support@^0.1.10":
  version "0.1.10"
  resolved "https://registry.yarnpkg.com/@swc-node/sourcemap-support/-/sourcemap-support-0.1.10.tgz#85b9b3951a0581dd2493333a956f92260c982b66"
  integrity sha512-t+AhsxpSYxqQfrFJ8LMSXvJ4qMjTyVMFJ1bcmebo3fbmIGOjyev9uUToOsItocxNFIYcbO3NfbzwlD2YCQwv7w==
  dependencies:
    source-map-support "^0.5.20"

"@swc/core-android-arm64@^1.2.107":
  version "1.2.107"
  resolved "https://registry.yarnpkg.com/@swc/core-android-arm64/-/core-android-arm64-1.2.107.tgz#b9dfd19b9b1659e7dc47d2a1fe4578e56b5c01f1"
  integrity sha512-gnMkRn6DPDFiPcH1VC15XsQzR1/9SW0CqwYUiBUEuS5wZbOnyEkgY3UChu8SgeMDbzDx5KJMrVjed1UrMZU26w==

"@swc/core-darwin-arm64@^1.2.107":
  version "1.2.107"
  resolved "https://registry.yarnpkg.com/@swc/core-darwin-arm64/-/core-darwin-arm64-1.2.107.tgz#c6e2a9372728a3ce7f3daf33169809940c39577c"
  integrity sha512-N1NG6SHAyJqhkPzMj2+jBbeY4jgS/ShIY8s1GyvRKKSjgqjBKiZvNwgFzWZ7lf16kTJO4rSG//NnPr8noL19yw==

"@swc/core-darwin-x64@^1.2.107":
  version "1.2.107"
  resolved "https://registry.yarnpkg.com/@swc/core-darwin-x64/-/core-darwin-x64-1.2.107.tgz#8fab5165123792d7a7d7289a6c8d251269fc00cf"
  integrity sha512-cYA4YsrUtOTHMWnKUk/X3l5UTdpOt90SExg+v7hSonhJSg84yBoXOwNzfPVcsP5Af5rWLABrLxpOOQKNCWNf6g==

"@swc/core-freebsd-x64@^1.2.107":
  version "1.2.107"
  resolved "https://registry.yarnpkg.com/@swc/core-freebsd-x64/-/core-freebsd-x64-1.2.107.tgz#ea5b6c1c29d4905ade00a11cd9344e0a70be73d2"
  integrity sha512-G4RPAZnrBIAoUoAddpbPqeM6CM71m1PM/Y6mXA4iriRo0ro74Og8hlJ9IjsxWM3YXrTgXH6xZ9F0iewhtaKpYA==

"@swc/core-linux-arm-gnueabihf@^1.2.107":
  version "1.2.107"
  resolved "https://registry.yarnpkg.com/@swc/core-linux-arm-gnueabihf/-/core-linux-arm-gnueabihf-1.2.107.tgz#f782ff6dd99e405826bd7e192a6e51f15f2070e0"
  integrity sha512-7fAK/jSQAnZ9qtZvxwaoCcegT4BDDEyOIulm+fBVZCAcQb/2zZwZuG2P7t2Pzfj1ftEy2A8YPKaUhHl6llOhUg==

"@swc/core-linux-arm64-gnu@^1.2.107":
  version "1.2.107"
  resolved "https://registry.yarnpkg.com/@swc/core-linux-arm64-gnu/-/core-linux-arm64-gnu-1.2.107.tgz#0b63e2330604fe07f18aa0e1842dd1c498514b8e"
  integrity sha512-E0l2hhlsTzl70OqBKqcm8+8rz6zYdNAtce8FM8vmezvgKgIfqlONz2tQyHNkkSKytV6uL5gjla9Ot+aLk2DrLw==

"@swc/core-linux-arm64-musl@^1.2.107":
  version "1.2.107"
  resolved "https://registry.yarnpkg.com/@swc/core-linux-arm64-musl/-/core-linux-arm64-musl-1.2.107.tgz#8451f84867c17e6cc79259f40438481c5951dc47"
  integrity sha512-mdmZ34H3tolvIfjeoFPSxy4AqyM4NucNAVDPU6vRf9imlPcMiI6mFhqwwI0pa4edYVB0pSU34z6Te5LpcrbhrQ==

"@swc/core-linux-x64-gnu@^1.2.107":
  version "1.2.107"
  resolved "https://registry.yarnpkg.com/@swc/core-linux-x64-gnu/-/core-linux-x64-gnu-1.2.107.tgz#7381920c40021c3aecd999e61bcfad4b3580102e"
  integrity sha512-zY80CTn5h35pHJw+cg2WbAhBICdbzHtEU4o3DJKkx1y26gk3XjvLnEUSsot+eTezthzQyaPuiN1DsHEX1kSouQ==

"@swc/core-linux-x64-musl@^1.2.107":
  version "1.2.107"
  resolved "https://registry.yarnpkg.com/@swc/core-linux-x64-musl/-/core-linux-x64-musl-1.2.107.tgz#a8ca63c3ebca01d02e1dd1ec10b7dbea48fdefa7"
  integrity sha512-CIs9oh6QsAiIiZyAS47WcpHklXonNBQ6dg7NXKXXsz9tpAsYqfjs/RWQSH8O6cPihfj0JR2KdfTVyIzXhKfOjg==

"@swc/core-win32-arm64-msvc@^1.2.107":
  version "1.2.107"
  resolved "https://registry.yarnpkg.com/@swc/core-win32-arm64-msvc/-/core-win32-arm64-msvc-1.2.107.tgz#03abc92592edbed72e510d04415297a8a3ae14bf"
  integrity sha512-5fJTruURSwpLYjoEpc/ZM8LZHB5zbChbEuZn5+Nb5EnxM5vsgHJe6+ZozQ3rpN7BS46nvlWiz14AeuLBsHIH6w==

"@swc/core-win32-ia32-msvc@^1.2.107":
  version "1.2.107"
  resolved "https://registry.yarnpkg.com/@swc/core-win32-ia32-msvc/-/core-win32-ia32-msvc-1.2.107.tgz#38c66fe44e3b78ba3b8855874e48e258219050e4"
  integrity sha512-mmgdLtv72Axa/fEkXcw/cv5FkNWzxz9wv+6cy2FQy9xDeY8hTD/GBDdgIolkbFfDiY+NS1N7dUzYArsxUJLBow==

"@swc/core-win32-x64-msvc@^1.2.107":
  version "1.2.107"
  resolved "https://registry.yarnpkg.com/@swc/core-win32-x64-msvc/-/core-win32-x64-msvc-1.2.107.tgz#fe42bdc3be99de56f289fb34b9e0b35edca8345e"
  integrity sha512-W13K5ezQRGBYIgVIy8SIdnoAFWqLX6dYa3KN/Ox75usej+tukP42+CdRJloE/wsdIb12xiKkTU3fpNodJOe2+A==

"@swc/core@^1.2.104":
  version "1.2.107"
  resolved "https://registry.yarnpkg.com/@swc/core/-/core-1.2.107.tgz#e269cad35cc03d39016d7747fc3f2f7e3691b92e"
  integrity sha512-tkXwcDHdcC8cTaeH5ezpAK3BwDk6H7jmo5/+zsbMJiJgHjQGUGf+81whXIE9iwUUBVISi75FP/VHPEC+qNtg+Q==
  dependencies:
    "@node-rs/helper" "^1.0.0"
  optionalDependencies:
    "@swc/core-android-arm64" "^1.2.107"
    "@swc/core-darwin-arm64" "^1.2.107"
    "@swc/core-darwin-x64" "^1.2.107"
    "@swc/core-freebsd-x64" "^1.2.107"
    "@swc/core-linux-arm-gnueabihf" "^1.2.107"
    "@swc/core-linux-arm64-gnu" "^1.2.107"
    "@swc/core-linux-arm64-musl" "^1.2.107"
    "@swc/core-linux-x64-gnu" "^1.2.107"
    "@swc/core-linux-x64-musl" "^1.2.107"
    "@swc/core-win32-arm64-msvc" "^1.2.107"
    "@swc/core-win32-ia32-msvc" "^1.2.107"
    "@swc/core-win32-x64-msvc" "^1.2.107"

"@types/node@^14.14.25":
  version "14.14.25"
  resolved "https://registry.npmjs.org/@types/node/-/node-14.14.25.tgz"
  integrity sha512-EPpXLOVqDvisVxtlbvzfyqSsFeQxltFbluZNRndIb8tr9KiBnYNLzrc1N3pyKUCww2RNrfHDViqDWWE1LCJQtQ==

ansi-styles@^4.1.0:
  version "4.3.0"
  resolved "https://registry.npmjs.org/ansi-styles/-/ansi-styles-4.3.0.tgz"
  integrity sha512-zbB9rCJAT1rbjiVDb2hqKFHNYLxgtk8NURxZ3IZwD3F6NtxbXZQCnnSi1Lkx+IDohdPlFp222wVALIheZJQSEg==
  dependencies:
    color-convert "^2.0.1"

argparse@^2.0.1:
  version "2.0.1"
  resolved "https://registry.npmjs.org/argparse/-/argparse-2.0.1.tgz"
  integrity sha512-8+9WqebbFzpX9OR+Wa6O29asIogeRMzcGtAINdpMHHyAg10f05aSFVBbcEqGf/PXw1EjAZ+q2/bEBg3DvurK3Q==

buffer-from@^1.0.0:
  version "1.1.1"
  resolved "https://registry.npmjs.org/buffer-from/-/buffer-from-1.1.1.tgz"
  integrity sha512-MQcXEUbCKtEo7bhqEs6560Hyd4XaovZlO/k9V3hjVUF/zwW7KBVdSK4gIt/bzwS9MbR5qob+F5jusZsb0YQK2A==

chalk@^4.1.2:
  version "4.1.2"
  resolved "https://registry.yarnpkg.com/chalk/-/chalk-4.1.2.tgz#aac4e2b7734a740867aeb16bf02aad556a1e7a01"
  integrity sha512-oKnbhFyRIXpUuez8iBMmyEa4nbj4IOQyuhc/wy9kY7/WVPcwIO9VA668Pu8RkO7+0G76SLROeyw9CpQ061i4mA==
  dependencies:
    ansi-styles "^4.1.0"
    supports-color "^7.1.0"

chevrotain@^7.0.3:
  version "7.1.1"
  resolved "https://registry.npmjs.org/chevrotain/-/chevrotain-7.1.1.tgz"
  integrity sha512-wy3mC1x4ye+O+QkEinVJkPf5u2vsrDIYW9G7ZuwFl6v/Yu0LwUuT2POsb+NUWApebyxfkQq6+yDfRExbnI5rcw==
  dependencies:
    regexp-to-ast "0.5.0"

color-convert@^2.0.1:
  version "2.0.1"
  resolved "https://registry.npmjs.org/color-convert/-/color-convert-2.0.1.tgz"
  integrity sha512-RRECPsj7iu/xb5oKYcsFHSppFNnsj/52OVTRKb4zP5onXwVF3zVmmToNcOfGC+CRDpfK/U584fMg38ZHCaElKQ==
  dependencies:
    color-name "~1.1.4"

color-name@~1.1.4:
  version "1.1.4"
  resolved "https://registry.npmjs.org/color-name/-/color-name-1.1.4.tgz"
  integrity sha512-dOy+3AuW3a2wNbZHIuMZpTcgjGuLU/uBL/ubcZF9OXbDo8ff4O8yVp5Bf0efS8uEoYo5q4Fx7dY9OgQGXgAsQA==

debug@^4.3.2:
  version "4.3.2"
  resolved "https://registry.yarnpkg.com/debug/-/debug-4.3.2.tgz#f0a49c18ac8779e31d4a0c6029dfb76873c7428b"
  integrity sha512-mOp8wKcvj7XxC78zLgw/ZA+6TSgkoE2C/ienthhRD298T7UNwAg9diBpLRxC0mOezLl4B0xV7M0cCO6P/O0Xhw==
  dependencies:
    ms "2.1.2"

deepmerge@^4.2.2:
  version "4.2.2"
  resolved "https://registry.npmjs.org/deepmerge/-/deepmerge-4.2.2.tgz"
  integrity sha512-FJ3UgI4gIl+PHZm53knsuSFpE+nESMr7M4v9QcgB7S63Kj/6WqMiFQJpBBYz1Pt+66bZpP3Q7Lye0Oo9MPKEdg==

dequal@^2.0.0:
  version "2.0.2"
  resolved "https://registry.npmjs.org/dequal/-/dequal-2.0.2.tgz"
  integrity sha512-q9K8BlJVxK7hQYqa6XISGmBZbtQQWVXSrRrWreHC94rMt1QL/Impruc+7p2CYSYuVIUr+YCt6hjrs1kkdJRTug==

diff@^5.0.0:
  version "5.0.0"
  resolved "https://registry.npmjs.org/diff/-/diff-5.0.0.tgz"
  integrity sha512-/VTCrvm5Z0JGty/BWHljh+BAiw3IK+2j87NGMu8Nwc/f48WoDAC395uomO9ZD117ZOBaHmkX1oyLvkVM/aIT3w==

escalade@^3.1.1:
  version "3.1.1"
  resolved "https://registry.npmjs.org/escalade/-/escalade-3.1.1.tgz"
  integrity sha512-k0er2gUkLf8O0zKJiAhmkTnJlTvINGv7ygDNPbeIsX/TJjGJZHuh9B2UxbsaEkmlEo9MfhrSzmhIlhRlI2GXnw==

has-flag@^4.0.0:
  version "4.0.0"
  resolved "https://registry.npmjs.org/has-flag/-/has-flag-4.0.0.tgz"
  integrity sha512-EykJT/Q1KjTWctppgIAgfSO0tKVuZUjhgMr17kqTumMl6Afv3EISleU7qZUzoXDFTAHTDC4NOoG/ZxU3EvlMPQ==

js-yaml@^4.0.0:
  version "4.0.0"
  resolved "https://registry.npmjs.org/js-yaml/-/js-yaml-4.0.0.tgz"
  integrity sha512-pqon0s+4ScYUvX30wxQi3PogGFAlUyH0awepWvwkj4jD4v+ova3RiYw8bmA6x2rDrEaj8i/oWKoRxpVNW+Re8Q==
  dependencies:
    argparse "^2.0.1"

kdljs@^0.0.2:
  version "0.0.2"
  resolved "https://registry.npmjs.org/kdljs/-/kdljs-0.0.2.tgz"
  integrity sha512-rp1zVbcGekwDSE+U2qz37Mbcgkt0b4wVHUJMtZ4geqoxRuUTfQ/ncKqkjyUvLyP/g3cV7nh4wuzR0nNOOwAeTA==
  dependencies:
    chevrotain "^7.0.3"

kleur@^4.0.3:
  version "4.1.4"
  resolved "https://registry.npmjs.org/kleur/-/kleur-4.1.4.tgz"
  integrity sha512-8QADVssbrFjivHWQU7KkMgptGTl6WAcSdlbBPY4uNF+mWr6DGcKrvY2w4FQJoXch7+fKMjj0dRrL75vk3k23OA==

mri@^1.1.0:
  version "1.1.6"
  resolved "https://registry.npmjs.org/mri/-/mri-1.1.6.tgz"
  integrity sha512-oi1b3MfbyGa7FJMP9GmLTttni5JoICpYBRlq+x5V16fZbLsnL9N3wFqqIm/nIG43FjUFkFh9Epzp/kzUGUnJxQ==

ms@2.1.2:
  version "2.1.2"
  resolved "https://registry.npmjs.org/ms/-/ms-2.1.2.tgz"
  integrity sha512-sGkPx+VjMtmA6MX27oA4FBFELFCZZ4S4XqeGOXCv68tT+jb3vk/RyaKWP0PTKyWtmLSM0b+adUTEvbs1PEaH2w==

node-modules-regexp@^1.0.0:
  version "1.0.0"
  resolved "https://registry.npmjs.org/node-modules-regexp/-/node-modules-regexp-1.0.0.tgz"
  integrity sha1-jZ2+KJZKSsVxLpExZCEHxx6Q7EA=

pirates@^4.0.1:
  version "4.0.1"
  resolved "https://registry.npmjs.org/pirates/-/pirates-4.0.1.tgz"
  integrity sha512-WuNqLTbMI3tmfef2TKxlQmAiLHKtFhlsCZnPIpuv2Ow0RDVO8lfy1Opf4NUzlMXLjPl+Men7AuVdX6TA+s+uGA==
  dependencies:
    node-modules-regexp "^1.0.0"

regexp-to-ast@0.5.0:
  version "0.5.0"
  resolved "https://registry.npmjs.org/regexp-to-ast/-/regexp-to-ast-0.5.0.tgz"
  integrity sha512-tlbJqcMHnPKI9zSrystikWKwHkBqu2a/Sgw01h3zFjvYrMxEDYHzzoMZnUrbIfpTFEsoRnnviOXNCzFiSc54Qw==

sade@^1.7.3:
  version "1.7.4"
  resolved "https://registry.npmjs.org/sade/-/sade-1.7.4.tgz"
  integrity sha512-y5yauMD93rX840MwUJr7C1ysLFBgMspsdTo4UVrDg3fXDvtwOyIqykhVAAm6fk/3au77773itJStObgK+LKaiA==
  dependencies:
    mri "^1.1.0"

source-map-support@^0.5.20:
  version "0.5.20"
  resolved "https://registry.yarnpkg.com/source-map-support/-/source-map-support-0.5.20.tgz#12166089f8f5e5e8c56926b377633392dd2cb6c9"
  integrity sha512-n1lZZ8Ve4ksRqizaBQgxXDgKwttHDhyfQjA6YZZn8+AroHbsIz+JjwxQDxbp+7y5OYCI8t1Yk7etjD9CRd2hIw==
  dependencies:
    buffer-from "^1.0.0"
    source-map "^0.6.0"

source-map@^0.6.0:
  version "0.6.1"
  resolved "https://registry.npmjs.org/source-map/-/source-map-0.6.1.tgz"
  integrity sha512-UjgapumWlbMhkBgzT7Ykc5YXUT46F0iKu8SGXq0bcwP5dz/h0Plj6enJqjz1Zbq2l5WaqYnrVbwWOWMyF3F47g==

supports-color@^7.1.0:
  version "7.2.0"
  resolved "https://registry.npmjs.org/supports-color/-/supports-color-7.2.0.tgz"
  integrity sha512-qpCAvRl9stuOHveKsn7HncJRvv501qIacKzQlO/+Lwxc9+0q2wLyv4Dfvt80/DPn2pqOBsJdDiogXGR9+OvwRw==
  dependencies:
    has-flag "^4.0.0"

totalist@^2.0.0:
  version "2.0.0"
  resolved "https://registry.npmjs.org/totalist/-/totalist-2.0.0.tgz"
  integrity sha512-+Y17F0YzxfACxTyjfhnJQEe7afPA0GSpYlFkl2VFMxYP7jshQf9gXV7cH47EfToBumFThfKBvfAcoUn6fdNeRQ==

tslib@^2.1.0:
  version "2.1.0"
  resolved "https://registry.npmjs.org/tslib/-/tslib-2.1.0.tgz"
  integrity sha512-hcVC3wYEziELGGmEEXue7D75zbwIIVUMWAVbHItGPx0ziyXxrOMQx4rQEVEV45Ut/1IotuEvwqPopzIOkDMf0A==

tslib@^2.3.1:
  version "2.3.1"
  resolved "https://registry.yarnpkg.com/tslib/-/tslib-2.3.1.tgz#e8a335add5ceae51aa261d32a490158ef042ef01"
  integrity sha512-77EbyPPpMz+FRFRuAFlWMtmgUWGe9UOG2Z25NqCwiIjRhOf5iKGuzSe5P2w1laq+FkRy4p+PCuVkJSGkzTEKVw==

typescript@^4.1.3:
  version "4.1.3"
  resolved "https://registry.npmjs.org/typescript/-/typescript-4.1.3.tgz"
  integrity sha512-B3ZIOf1IKeH2ixgHhj6la6xdwR9QrLC5d1VKeCSY4tvkqhF2eqd9O7txNlS0PO3GrBAFIdr3L1ndNwteUbZLYg==

typescript@^4.4.4:
  version "4.4.4"
  resolved "https://registry.yarnpkg.com/typescript/-/typescript-4.4.4.tgz#2cd01a1a1f160704d3101fd5a58ff0f9fcb8030c"
  integrity sha512-DqGhF5IKoBl8WNf8C1gu8q0xZSInh9j1kJJMqT3a94w1JzVaBU4EXOSMrz9yDqMT0xt3selp83fuFMQ0uzv6qA==

uvu@^0.5.1:
  version "0.5.1"
  resolved "https://registry.npmjs.org/uvu/-/uvu-0.5.1.tgz"
  integrity sha512-JGxttnOGDFs77FaZ0yMUHIzczzQ5R1IlDeNW6Wymw6gAscwMdAffVOP6TlxLIfReZyK8tahoGwWZaTCJzNFDkg==
  dependencies:
    dequal "^2.0.0"
    diff "^5.0.0"
    kleur "^4.0.3"
    sade "^1.7.3"
    totalist "^2.0.0"
